
Microsoft Visual Studio Solution File, Format Version 12.00
# Visual Studio Version 16
VisualStudioVersion = 16.0.30907.101
MinimumVisualStudioVersion = 10.0.40219.1
Project("{FAE04EC0-301F-11D3-BF4B-00C04F79EFBC}") = "QuadTreeUnity", "QuadTreeUnity\QuadTreeUnity.csproj", "{9B694686-5FAD-4EFB-8F50-A755D2F3D332}"
EndProject
Global
	GlobalSection(SolutionConfigurationPlatforms) = preSolution
		Debug|Any CPU = Debug|Any CPU
		Release|Any CPU = Release|Any CPU
	EndGlobalSection
	GlobalSection(ProjectConfigurationPlatforms) = postSolution
		{9B694686-5FAD-4EFB-8F50-A755D2F3D332}.Debug|Any CPU.ActiveCfg = Debug|Any CPU
		{9B694686-5FAD-4EFB-8F50-A755D2F3D332}.Debug|Any CPU.Build.0 = Debug|Any CPU
		{9B694686-5FAD-4EFB-8F50-A755D2F3D332}.Release|Any CPU.ActiveCfg = Release|Any CPU
		{9B694686-5FAD-4EFB-8F50-A755D2F3D332}.Release|Any CPU.Build.0 = Release|Any CPU
	EndGlobalSection
	GlobalSection(SolutionProperties) = preSolution
		HideSolutionNode = FALSE
	EndGlobalSection
	GlobalSection(ExtensibilityGlobals) = postSolution
		SolutionGuid = {BB14ECC1-279C-429C-B38B-705812D191E7}
	EndGlobalSection
EndGlobal
