
Microsoft Visual Studio Solution File, Format Version 12.00
# Visual Studio 15
Project("{FAE04EC0-301F-11D3-BF4B-00C04F79EFBC}") = "Assembly-CSharp", "Assembly-CSharp.csproj", "{2554A58A-4CB2-E930-966C-43FEE122CEBE}"
EndProject
Global
	GlobalSection(SolutionConfigurationPlatforms) = preSolution
		Debug|Any CPU = Debug|Any CPU
		Release|Any CPU = Release|Any CPU
	EndGlobalSection
	GlobalSection(ProjectConfigurationPlatforms) = postSolution
		{2554A58A-4CB2-E930-966C-43FEE122CEBE}.Debug|Any CPU.ActiveCfg = Debug|Any CPU
		{2554A58A-4CB2-E930-966C-43FEE122CEBE}.Debug|Any CPU.Build.0 = Debug|Any CPU
		{2554A58A-4CB2-E930-966C-43FEE122CEBE}.Release|Any CPU.ActiveCfg = Release|Any CPU
		{2554A58A-4CB2-E930-966C-43FEE122CEBE}.Release|Any CPU.Build.0 = Release|Any CPU
	EndGlobalSection
	GlobalSection(SolutionProperties) = preSolution
		HideSolutionNode = FALSE
	EndGlobalSection
EndGlobal
